
Microsoft Visual Studio Solution File, Format Version 12.00
# Visual Studio Version 17
VisualStudioVersion = 17.11.35327.3
MinimumVisualStudioVersion = 10.0.40219.1
Project("{FAE04EC0-301F-11D3-BF4B-00C04F79EFBC}") = "TetrisExam", "TetrisExam\TetrisExam.csproj", "{70D436F5-750E-49DC-B413-D397D7027A7A}"
EndProject
Global
	GlobalSection(SolutionConfigurationPlatforms) = preSolution
		Debug|Any CPU = Debug|Any CPU
		Release|Any CPU = Release|Any CPU
	EndGlobalSection
	GlobalSection(ProjectConfigurationPlatforms) = postSolution
		{70D436F5-750E-49DC-B413-D397D7027A7A}.Debug|Any CPU.ActiveCfg = Debug|Any CPU
		{70D436F5-750E-49DC-B413-D397D7027A7A}.Debug|Any CPU.Build.0 = Debug|Any CPU
		{70D436F5-750E-49DC-B413-D397D7027A7A}.Release|Any CPU.ActiveCfg = Release|Any CPU
		{70D436F5-750E-49DC-B413-D397D7027A7A}.Release|Any CPU.Build.0 = Release|Any CPU
	EndGlobalSection
	GlobalSection(SolutionProperties) = preSolution
		HideSolutionNode = FALSE
	EndGlobalSection
	GlobalSection(ExtensibilityGlobals) = postSolution
		SolutionGuid = {89E289C9-FB8F-4F5A-913F-0862B3FD4D7B}
	EndGlobalSection
EndGlobal
